
Microsoft Visual Studio Solution File, Format Version 12.00
# Visual Studio Version 16
VisualStudioVersion = 16.0.29306.81
MinimumVisualStudioVersion = 10.0.40219.1
Project("{FAE04EC0-301F-11D3-BF4B-00C04F79EFBC}") = "Integer Operations", "Integer Operations\Integer Operations.csproj", "{42E0C4CF-387F-41C0-9359-EFDFEF646676}"
EndProject
Global
	GlobalSection(SolutionConfigurationPlatforms) = preSolution
		Debug|Any CPU = Debug|Any CPU
		Release|Any CPU = Release|Any CPU
	EndGlobalSection
	GlobalSection(ProjectConfigurationPlatforms) = postSolution
		{42E0C4CF-387F-41C0-9359-EFDFEF646676}.Debug|Any CPU.ActiveCfg = Debug|Any CPU
		{42E0C4CF-387F-41C0-9359-EFDFEF646676}.Debug|Any CPU.Build.0 = Debug|Any CPU
		{42E0C4CF-387F-41C0-9359-EFDFEF646676}.Release|Any CPU.ActiveCfg = Release|Any CPU
		{42E0C4CF-387F-41C0-9359-EFDFEF646676}.Release|Any CPU.Build.0 = Release|Any CPU
	EndGlobalSection
	GlobalSection(SolutionProperties) = preSolution
		HideSolutionNode = FALSE
	EndGlobalSection
	GlobalSection(ExtensibilityGlobals) = postSolution
		SolutionGuid = {8BE285B6-AE21-47B0-A5CF-0D38AB59ED3B}
	EndGlobalSection
EndGlobal
