
Microsoft Visual Studio Solution File, Format Version 12.00
# Visual Studio Version 16
VisualStudioVersion = 16.0.29306.81
MinimumVisualStudioVersion = 10.0.40219.1
Project("{FAE04EC0-301F-11D3-BF4B-00C04F79EFBC}") = "Cards Game", "Cards Game\Cards Game.csproj", "{48B83BB5-42BE-43D4-A2E3-C0F253417BB7}"
EndProject
Global
	GlobalSection(SolutionConfigurationPlatforms) = preSolution
		Debug|Any CPU = Debug|Any CPU
		Release|Any CPU = Release|Any CPU
	EndGlobalSection
	GlobalSection(ProjectConfigurationPlatforms) = postSolution
		{48B83BB5-42BE-43D4-A2E3-C0F253417BB7}.Debug|Any CPU.ActiveCfg = Debug|Any CPU
		{48B83BB5-42BE-43D4-A2E3-C0F253417BB7}.Debug|Any CPU.Build.0 = Debug|Any CPU
		{48B83BB5-42BE-43D4-A2E3-C0F253417BB7}.Release|Any CPU.ActiveCfg = Release|Any CPU
		{48B83BB5-42BE-43D4-A2E3-C0F253417BB7}.Release|Any CPU.Build.0 = Release|Any CPU
	EndGlobalSection
	GlobalSection(SolutionProperties) = preSolution
		HideSolutionNode = FALSE
	EndGlobalSection
	GlobalSection(ExtensibilityGlobals) = postSolution
		SolutionGuid = {82C9C6F2-4692-4050-88BA-D6798CDE6015}
	EndGlobalSection
EndGlobal
