
Microsoft Visual Studio Solution File, Format Version 12.00
# Visual Studio Version 16
VisualStudioVersion = 16.0.29306.81
MinimumVisualStudioVersion = 10.0.40219.1
Project("{FAE04EC0-301F-11D3-BF4B-00C04F79EFBC}") = "Triples of Latin Letters", "Triples of Latin Letters\Triples of Latin Letters.csproj", "{46750A67-DD9F-4A2B-A935-0719F3D6A703}"
EndProject
Global
	GlobalSection(SolutionConfigurationPlatforms) = preSolution
		Debug|Any CPU = Debug|Any CPU
		Release|Any CPU = Release|Any CPU
	EndGlobalSection
	GlobalSection(ProjectConfigurationPlatforms) = postSolution
		{46750A67-DD9F-4A2B-A935-0719F3D6A703}.Debug|Any CPU.ActiveCfg = Debug|Any CPU
		{46750A67-DD9F-4A2B-A935-0719F3D6A703}.Debug|Any CPU.Build.0 = Debug|Any CPU
		{46750A67-DD9F-4A2B-A935-0719F3D6A703}.Release|Any CPU.ActiveCfg = Release|Any CPU
		{46750A67-DD9F-4A2B-A935-0719F3D6A703}.Release|Any CPU.Build.0 = Release|Any CPU
	EndGlobalSection
	GlobalSection(SolutionProperties) = preSolution
		HideSolutionNode = FALSE
	EndGlobalSection
	GlobalSection(ExtensibilityGlobals) = postSolution
		SolutionGuid = {FB34B6E8-C469-45CB-ACDD-4651FE7A0822}
	EndGlobalSection
EndGlobal
