
Microsoft Visual Studio Solution File, Format Version 12.00
# Visual Studio Version 16
VisualStudioVersion = 16.0.29306.81
MinimumVisualStudioVersion = 10.0.40219.1
Project("{FAE04EC0-301F-11D3-BF4B-00C04F79EFBC}") = "Acer", "Acer\Acer.csproj", "{B735EAD3-3110-4FE5-AB04-1BD68FF5B90B}"
EndProject
Global
	GlobalSection(SolutionConfigurationPlatforms) = preSolution
		Debug|Any CPU = Debug|Any CPU
		Release|Any CPU = Release|Any CPU
	EndGlobalSection
	GlobalSection(ProjectConfigurationPlatforms) = postSolution
		{B735EAD3-3110-4FE5-AB04-1BD68FF5B90B}.Debug|Any CPU.ActiveCfg = Debug|Any CPU
		{B735EAD3-3110-4FE5-AB04-1BD68FF5B90B}.Debug|Any CPU.Build.0 = Debug|Any CPU
		{B735EAD3-3110-4FE5-AB04-1BD68FF5B90B}.Release|Any CPU.ActiveCfg = Release|Any CPU
		{B735EAD3-3110-4FE5-AB04-1BD68FF5B90B}.Release|Any CPU.Build.0 = Release|Any CPU
	EndGlobalSection
	GlobalSection(SolutionProperties) = preSolution
		HideSolutionNode = FALSE
	EndGlobalSection
	GlobalSection(ExtensibilityGlobals) = postSolution
		SolutionGuid = {3FABB1DF-E1DE-40B0-83B5-7914461EAA13}
	EndGlobalSection
EndGlobal
