
Microsoft Visual Studio Solution File, Format Version 12.00
# Visual Studio Version 16
VisualStudioVersion = 16.0.29306.81
MinimumVisualStudioVersion = 10.0.40219.1
Project("{FAE04EC0-301F-11D3-BF4B-00C04F79EFBC}") = "Chars to String", "Chars to String\Chars to String.csproj", "{3708ACF8-A2FE-4476-A1AE-9F56EF7E5DDD}"
EndProject
Global
	GlobalSection(SolutionConfigurationPlatforms) = preSolution
		Debug|Any CPU = Debug|Any CPU
		Release|Any CPU = Release|Any CPU
	EndGlobalSection
	GlobalSection(ProjectConfigurationPlatforms) = postSolution
		{3708ACF8-A2FE-4476-A1AE-9F56EF7E5DDD}.Debug|Any CPU.ActiveCfg = Debug|Any CPU
		{3708ACF8-A2FE-4476-A1AE-9F56EF7E5DDD}.Debug|Any CPU.Build.0 = Debug|Any CPU
		{3708ACF8-A2FE-4476-A1AE-9F56EF7E5DDD}.Release|Any CPU.ActiveCfg = Release|Any CPU
		{3708ACF8-A2FE-4476-A1AE-9F56EF7E5DDD}.Release|Any CPU.Build.0 = Release|Any CPU
	EndGlobalSection
	GlobalSection(SolutionProperties) = preSolution
		HideSolutionNode = FALSE
	EndGlobalSection
	GlobalSection(ExtensibilityGlobals) = postSolution
		SolutionGuid = {66A3387A-A582-421D-8BD4-74EAD6CD358B}
	EndGlobalSection
EndGlobal
