
Microsoft Visual Studio Solution File, Format Version 12.00
# Visual Studio Version 16
VisualStudioVersion = 16.0.29306.81
MinimumVisualStudioVersion = 10.0.40219.1
Project("{FAE04EC0-301F-11D3-BF4B-00C04F79EFBC}") = "Condense Array to Number", "Condense Array to Number\Condense Array to Number.csproj", "{9DBC2E93-4203-42FD-A090-434503A555E5}"
EndProject
Global
	GlobalSection(SolutionConfigurationPlatforms) = preSolution
		Debug|Any CPU = Debug|Any CPU
		Release|Any CPU = Release|Any CPU
	EndGlobalSection
	GlobalSection(ProjectConfigurationPlatforms) = postSolution
		{9DBC2E93-4203-42FD-A090-434503A555E5}.Debug|Any CPU.ActiveCfg = Debug|Any CPU
		{9DBC2E93-4203-42FD-A090-434503A555E5}.Debug|Any CPU.Build.0 = Debug|Any CPU
		{9DBC2E93-4203-42FD-A090-434503A555E5}.Release|Any CPU.ActiveCfg = Release|Any CPU
		{9DBC2E93-4203-42FD-A090-434503A555E5}.Release|Any CPU.Build.0 = Release|Any CPU
	EndGlobalSection
	GlobalSection(SolutionProperties) = preSolution
		HideSolutionNode = FALSE
	EndGlobalSection
	GlobalSection(ExtensibilityGlobals) = postSolution
		SolutionGuid = {0BA24086-B406-4903-8B58-96BAF203DB28}
	EndGlobalSection
EndGlobal
