
Microsoft Visual Studio Solution File, Format Version 12.00
# Visual Studio Version 16
VisualStudioVersion = 16.0.29306.81
MinimumVisualStudioVersion = 10.0.40219.1
Project("{FAE04EC0-301F-11D3-BF4B-00C04F79EFBC}") = "Sum of Chars", "Sum of Chars\Sum of Chars.csproj", "{4A781D41-8CAD-49A5-BE9B-4B84791EE363}"
EndProject
Global
	GlobalSection(SolutionConfigurationPlatforms) = preSolution
		Debug|Any CPU = Debug|Any CPU
		Release|Any CPU = Release|Any CPU
	EndGlobalSection
	GlobalSection(ProjectConfigurationPlatforms) = postSolution
		{4A781D41-8CAD-49A5-BE9B-4B84791EE363}.Debug|Any CPU.ActiveCfg = Debug|Any CPU
		{4A781D41-8CAD-49A5-BE9B-4B84791EE363}.Debug|Any CPU.Build.0 = Debug|Any CPU
		{4A781D41-8CAD-49A5-BE9B-4B84791EE363}.Release|Any CPU.ActiveCfg = Release|Any CPU
		{4A781D41-8CAD-49A5-BE9B-4B84791EE363}.Release|Any CPU.Build.0 = Release|Any CPU
	EndGlobalSection
	GlobalSection(SolutionProperties) = preSolution
		HideSolutionNode = FALSE
	EndGlobalSection
	GlobalSection(ExtensibilityGlobals) = postSolution
		SolutionGuid = {DC52D9F6-1702-497E-B0B5-4C46E509FE92}
	EndGlobalSection
EndGlobal
