
Microsoft Visual Studio Solution File, Format Version 12.00
# Visual Studio Version 16
VisualStudioVersion = 16.0.29306.81
MinimumVisualStudioVersion = 10.0.40219.1
Project("{FAE04EC0-301F-11D3-BF4B-00C04F79EFBC}") = "justTest", "justTest\justTest.csproj", "{CA5EED37-5F27-4752-8850-4EA682083D8B}"
EndProject
Global
	GlobalSection(SolutionConfigurationPlatforms) = preSolution
		Debug|Any CPU = Debug|Any CPU
		Release|Any CPU = Release|Any CPU
	EndGlobalSection
	GlobalSection(ProjectConfigurationPlatforms) = postSolution
		{CA5EED37-5F27-4752-8850-4EA682083D8B}.Debug|Any CPU.ActiveCfg = Debug|Any CPU
		{CA5EED37-5F27-4752-8850-4EA682083D8B}.Debug|Any CPU.Build.0 = Debug|Any CPU
		{CA5EED37-5F27-4752-8850-4EA682083D8B}.Release|Any CPU.ActiveCfg = Release|Any CPU
		{CA5EED37-5F27-4752-8850-4EA682083D8B}.Release|Any CPU.Build.0 = Release|Any CPU
	EndGlobalSection
	GlobalSection(SolutionProperties) = preSolution
		HideSolutionNode = FALSE
	EndGlobalSection
	GlobalSection(ExtensibilityGlobals) = postSolution
		SolutionGuid = {3693430D-FD69-46B7-B98A-EC40F8D188B1}
	EndGlobalSection
EndGlobal
