
Microsoft Visual Studio Solution File, Format Version 12.00
# Visual Studio Version 16
VisualStudioVersion = 16.0.29306.81
MinimumVisualStudioVersion = 10.0.40219.1
Project("{FAE04EC0-301F-11D3-BF4B-00C04F79EFBC}") = "Strong number", "Strong number\Strong number.csproj", "{0BC5B089-D04D-4BAC-BEC8-E4B37E2F17B2}"
EndProject
Global
	GlobalSection(SolutionConfigurationPlatforms) = preSolution
		Debug|Any CPU = Debug|Any CPU
		Release|Any CPU = Release|Any CPU
	EndGlobalSection
	GlobalSection(ProjectConfigurationPlatforms) = postSolution
		{0BC5B089-D04D-4BAC-BEC8-E4B37E2F17B2}.Debug|Any CPU.ActiveCfg = Debug|Any CPU
		{0BC5B089-D04D-4BAC-BEC8-E4B37E2F17B2}.Debug|Any CPU.Build.0 = Debug|Any CPU
		{0BC5B089-D04D-4BAC-BEC8-E4B37E2F17B2}.Release|Any CPU.ActiveCfg = Release|Any CPU
		{0BC5B089-D04D-4BAC-BEC8-E4B37E2F17B2}.Release|Any CPU.Build.0 = Release|Any CPU
	EndGlobalSection
	GlobalSection(SolutionProperties) = preSolution
		HideSolutionNode = FALSE
	EndGlobalSection
	GlobalSection(ExtensibilityGlobals) = postSolution
		SolutionGuid = {8B602506-A30E-4440-A0C8-2C99F3C23735}
	EndGlobalSection
EndGlobal
