
Microsoft Visual Studio Solution File, Format Version 12.00
# Visual Studio Version 16
VisualStudioVersion = 16.0.29306.81
MinimumVisualStudioVersion = 10.0.40219.1
Project("{FAE04EC0-301F-11D3-BF4B-00C04F79EFBC}") = "Calculations", "Calculations\Calculations.csproj", "{9FD09FEF-0D17-4BD4-9B90-45C2ECAEC6CE}"
EndProject
Global
	GlobalSection(SolutionConfigurationPlatforms) = preSolution
		Debug|Any CPU = Debug|Any CPU
		Release|Any CPU = Release|Any CPU
	EndGlobalSection
	GlobalSection(ProjectConfigurationPlatforms) = postSolution
		{9FD09FEF-0D17-4BD4-9B90-45C2ECAEC6CE}.Debug|Any CPU.ActiveCfg = Debug|Any CPU
		{9FD09FEF-0D17-4BD4-9B90-45C2ECAEC6CE}.Debug|Any CPU.Build.0 = Debug|Any CPU
		{9FD09FEF-0D17-4BD4-9B90-45C2ECAEC6CE}.Release|Any CPU.ActiveCfg = Release|Any CPU
		{9FD09FEF-0D17-4BD4-9B90-45C2ECAEC6CE}.Release|Any CPU.Build.0 = Release|Any CPU
	EndGlobalSection
	GlobalSection(SolutionProperties) = preSolution
		HideSolutionNode = FALSE
	EndGlobalSection
	GlobalSection(ExtensibilityGlobals) = postSolution
		SolutionGuid = {DF097239-EA80-4421-A359-2E7732FF35C3}
	EndGlobalSection
EndGlobal
