
Microsoft Visual Studio Solution File, Format Version 12.00
# Visual Studio Version 16
VisualStudioVersion = 16.0.29306.81
MinimumVisualStudioVersion = 10.0.40219.1
Project("{FAE04EC0-301F-11D3-BF4B-00C04F79EFBC}") = "Concat Names", "Concat Names\Concat Names.csproj", "{D0B706EA-F3A0-4AD6-86F8-B730398D8FC4}"
EndProject
Global
	GlobalSection(SolutionConfigurationPlatforms) = preSolution
		Debug|Any CPU = Debug|Any CPU
		Release|Any CPU = Release|Any CPU
	EndGlobalSection
	GlobalSection(ProjectConfigurationPlatforms) = postSolution
		{D0B706EA-F3A0-4AD6-86F8-B730398D8FC4}.Debug|Any CPU.ActiveCfg = Debug|Any CPU
		{D0B706EA-F3A0-4AD6-86F8-B730398D8FC4}.Debug|Any CPU.Build.0 = Debug|Any CPU
		{D0B706EA-F3A0-4AD6-86F8-B730398D8FC4}.Release|Any CPU.ActiveCfg = Release|Any CPU
		{D0B706EA-F3A0-4AD6-86F8-B730398D8FC4}.Release|Any CPU.Build.0 = Release|Any CPU
	EndGlobalSection
	GlobalSection(SolutionProperties) = preSolution
		HideSolutionNode = FALSE
	EndGlobalSection
	GlobalSection(ExtensibilityGlobals) = postSolution
		SolutionGuid = {AF3FF45E-5004-492A-ADA2-5903C5DF2484}
	EndGlobalSection
EndGlobal
