
Microsoft Visual Studio Solution File, Format Version 12.00
# Visual Studio Version 16
VisualStudioVersion = 16.0.29306.81
MinimumVisualStudioVersion = 10.0.40219.1
Project("{FAE04EC0-301F-11D3-BF4B-00C04F79EFBC}") = "JustTest", "JustTest\JustTest.csproj", "{6337BDAC-797C-4125-B1E4-4EDCEBFDC1A6}"
EndProject
Global
	GlobalSection(SolutionConfigurationPlatforms) = preSolution
		Debug|Any CPU = Debug|Any CPU
		Release|Any CPU = Release|Any CPU
	EndGlobalSection
	GlobalSection(ProjectConfigurationPlatforms) = postSolution
		{6337BDAC-797C-4125-B1E4-4EDCEBFDC1A6}.Debug|Any CPU.ActiveCfg = Debug|Any CPU
		{6337BDAC-797C-4125-B1E4-4EDCEBFDC1A6}.Debug|Any CPU.Build.0 = Debug|Any CPU
		{6337BDAC-797C-4125-B1E4-4EDCEBFDC1A6}.Release|Any CPU.ActiveCfg = Release|Any CPU
		{6337BDAC-797C-4125-B1E4-4EDCEBFDC1A6}.Release|Any CPU.Build.0 = Release|Any CPU
	EndGlobalSection
	GlobalSection(SolutionProperties) = preSolution
		HideSolutionNode = FALSE
	EndGlobalSection
	GlobalSection(ExtensibilityGlobals) = postSolution
		SolutionGuid = {9ACA614E-0A18-451C-A0C5-4D1FC9E0770A}
	EndGlobalSection
EndGlobal
