
Microsoft Visual Studio Solution File, Format Version 12.00
# Visual Studio Version 16
VisualStudioVersion = 16.0.29306.81
MinimumVisualStudioVersion = 10.0.40219.1
Project("{FAE04EC0-301F-11D3-BF4B-00C04F79EFBC}") = "List Manipulation Basics", "List Manipulation Basics\List Manipulation Basics.csproj", "{198C60AA-7FE5-4715-9EC9-9C8BD3D120F8}"
EndProject
Global
	GlobalSection(SolutionConfigurationPlatforms) = preSolution
		Debug|Any CPU = Debug|Any CPU
		Release|Any CPU = Release|Any CPU
	EndGlobalSection
	GlobalSection(ProjectConfigurationPlatforms) = postSolution
		{198C60AA-7FE5-4715-9EC9-9C8BD3D120F8}.Debug|Any CPU.ActiveCfg = Debug|Any CPU
		{198C60AA-7FE5-4715-9EC9-9C8BD3D120F8}.Debug|Any CPU.Build.0 = Debug|Any CPU
		{198C60AA-7FE5-4715-9EC9-9C8BD3D120F8}.Release|Any CPU.ActiveCfg = Release|Any CPU
		{198C60AA-7FE5-4715-9EC9-9C8BD3D120F8}.Release|Any CPU.Build.0 = Release|Any CPU
	EndGlobalSection
	GlobalSection(SolutionProperties) = preSolution
		HideSolutionNode = FALSE
	EndGlobalSection
	GlobalSection(ExtensibilityGlobals) = postSolution
		SolutionGuid = {79732273-3C5A-4A68-A659-FE2820FECD2B}
	EndGlobalSection
EndGlobal
