
Microsoft Visual Studio Solution File, Format Version 12.00
# Visual Studio Version 16
VisualStudioVersion = 16.0.29306.81
MinimumVisualStudioVersion = 10.0.40219.1
Project("{FAE04EC0-301F-11D3-BF4B-00C04F79EFBC}") = "Reversed Chars", "Reversed Chars\Reversed Chars.csproj", "{FDD3933D-FCF5-4217-84FB-FBFFA57BBCAD}"
EndProject
Global
	GlobalSection(SolutionConfigurationPlatforms) = preSolution
		Debug|Any CPU = Debug|Any CPU
		Release|Any CPU = Release|Any CPU
	EndGlobalSection
	GlobalSection(ProjectConfigurationPlatforms) = postSolution
		{FDD3933D-FCF5-4217-84FB-FBFFA57BBCAD}.Debug|Any CPU.ActiveCfg = Debug|Any CPU
		{FDD3933D-FCF5-4217-84FB-FBFFA57BBCAD}.Debug|Any CPU.Build.0 = Debug|Any CPU
		{FDD3933D-FCF5-4217-84FB-FBFFA57BBCAD}.Release|Any CPU.ActiveCfg = Release|Any CPU
		{FDD3933D-FCF5-4217-84FB-FBFFA57BBCAD}.Release|Any CPU.Build.0 = Release|Any CPU
	EndGlobalSection
	GlobalSection(SolutionProperties) = preSolution
		HideSolutionNode = FALSE
	EndGlobalSection
	GlobalSection(ExtensibilityGlobals) = postSolution
		SolutionGuid = {E775D67C-F4AA-4C04-8983-DFE5069035E0}
	EndGlobalSection
EndGlobal
