
Microsoft Visual Studio Solution File, Format Version 12.00
# Visual Studio Version 16
VisualStudioVersion = 16.0.29306.81
MinimumVisualStudioVersion = 10.0.40219.1
Project("{FAE04EC0-301F-11D3-BF4B-00C04F79EFBC}") = "Substring", "Substring\Substring.csproj", "{2A29BCD8-283F-440B-8919-01C0A485C888}"
EndProject
Global
	GlobalSection(SolutionConfigurationPlatforms) = preSolution
		Debug|Any CPU = Debug|Any CPU
		Release|Any CPU = Release|Any CPU
	EndGlobalSection
	GlobalSection(ProjectConfigurationPlatforms) = postSolution
		{2A29BCD8-283F-440B-8919-01C0A485C888}.Debug|Any CPU.ActiveCfg = Debug|Any CPU
		{2A29BCD8-283F-440B-8919-01C0A485C888}.Debug|Any CPU.Build.0 = Debug|Any CPU
		{2A29BCD8-283F-440B-8919-01C0A485C888}.Release|Any CPU.ActiveCfg = Release|Any CPU
		{2A29BCD8-283F-440B-8919-01C0A485C888}.Release|Any CPU.Build.0 = Release|Any CPU
	EndGlobalSection
	GlobalSection(SolutionProperties) = preSolution
		HideSolutionNode = FALSE
	EndGlobalSection
	GlobalSection(ExtensibilityGlobals) = postSolution
		SolutionGuid = {2E4D7BC7-26C9-4161-947B-0613D46D3017}
	EndGlobalSection
EndGlobal
