
Microsoft Visual Studio Solution File, Format Version 12.00
# Visual Studio Version 16
VisualStudioVersion = 16.0.29306.81
MinimumVisualStudioVersion = 10.0.40219.1
Project("{FAE04EC0-301F-11D3-BF4B-00C04F79EFBC}") = "Greater of Two Values", "Greater of Two Values\Greater of Two Values.csproj", "{3D32F6CC-AC53-4675-B4A2-16E12652D960}"
EndProject
Global
	GlobalSection(SolutionConfigurationPlatforms) = preSolution
		Debug|Any CPU = Debug|Any CPU
		Release|Any CPU = Release|Any CPU
	EndGlobalSection
	GlobalSection(ProjectConfigurationPlatforms) = postSolution
		{3D32F6CC-AC53-4675-B4A2-16E12652D960}.Debug|Any CPU.ActiveCfg = Debug|Any CPU
		{3D32F6CC-AC53-4675-B4A2-16E12652D960}.Debug|Any CPU.Build.0 = Debug|Any CPU
		{3D32F6CC-AC53-4675-B4A2-16E12652D960}.Release|Any CPU.ActiveCfg = Release|Any CPU
		{3D32F6CC-AC53-4675-B4A2-16E12652D960}.Release|Any CPU.Build.0 = Release|Any CPU
	EndGlobalSection
	GlobalSection(SolutionProperties) = preSolution
		HideSolutionNode = FALSE
	EndGlobalSection
	GlobalSection(ExtensibilityGlobals) = postSolution
		SolutionGuid = {1A2AE97F-9560-4815-89F3-145805F24DD1}
	EndGlobalSection
EndGlobal
