
Microsoft Visual Studio Solution File, Format Version 12.00
# Visual Studio Version 16
VisualStudioVersion = 16.0.29306.81
MinimumVisualStudioVersion = 10.0.40219.1
Project("{FAE04EC0-301F-11D3-BF4B-00C04F79EFBC}") = "House Party", "House Party\House Party.csproj", "{FEDF3C60-00F8-4451-B86F-F0A70A79DD4C}"
EndProject
Global
	GlobalSection(SolutionConfigurationPlatforms) = preSolution
		Debug|Any CPU = Debug|Any CPU
		Release|Any CPU = Release|Any CPU
	EndGlobalSection
	GlobalSection(ProjectConfigurationPlatforms) = postSolution
		{FEDF3C60-00F8-4451-B86F-F0A70A79DD4C}.Debug|Any CPU.ActiveCfg = Debug|Any CPU
		{FEDF3C60-00F8-4451-B86F-F0A70A79DD4C}.Debug|Any CPU.Build.0 = Debug|Any CPU
		{FEDF3C60-00F8-4451-B86F-F0A70A79DD4C}.Release|Any CPU.ActiveCfg = Release|Any CPU
		{FEDF3C60-00F8-4451-B86F-F0A70A79DD4C}.Release|Any CPU.Build.0 = Release|Any CPU
	EndGlobalSection
	GlobalSection(SolutionProperties) = preSolution
		HideSolutionNode = FALSE
	EndGlobalSection
	GlobalSection(ExtensibilityGlobals) = postSolution
		SolutionGuid = {A31198A8-3F1E-44B5-9502-3A0944CFAC0E}
	EndGlobalSection
EndGlobal
