
Microsoft Visual Studio Solution File, Format Version 12.00
# Visual Studio Version 16
VisualStudioVersion = 16.0.29306.81
MinimumVisualStudioVersion = 10.0.40219.1
Project("{FAE04EC0-301F-11D3-BF4B-00C04F79EFBC}") = "List Manipulation Advanced", "List Manipulation Advanced\List Manipulation Advanced.csproj", "{91367C42-A9E4-44E8-B973-8CFEF0475565}"
EndProject
Global
	GlobalSection(SolutionConfigurationPlatforms) = preSolution
		Debug|Any CPU = Debug|Any CPU
		Release|Any CPU = Release|Any CPU
	EndGlobalSection
	GlobalSection(ProjectConfigurationPlatforms) = postSolution
		{91367C42-A9E4-44E8-B973-8CFEF0475565}.Debug|Any CPU.ActiveCfg = Debug|Any CPU
		{91367C42-A9E4-44E8-B973-8CFEF0475565}.Debug|Any CPU.Build.0 = Debug|Any CPU
		{91367C42-A9E4-44E8-B973-8CFEF0475565}.Release|Any CPU.ActiveCfg = Release|Any CPU
		{91367C42-A9E4-44E8-B973-8CFEF0475565}.Release|Any CPU.Build.0 = Release|Any CPU
	EndGlobalSection
	GlobalSection(SolutionProperties) = preSolution
		HideSolutionNode = FALSE
	EndGlobalSection
	GlobalSection(ExtensibilityGlobals) = postSolution
		SolutionGuid = {92797028-0395-4BE0-8757-73BB6A7FB76B}
	EndGlobalSection
EndGlobal
