
Microsoft Visual Studio Solution File, Format Version 12.00
# Visual Studio Version 16
VisualStudioVersion = 16.0.29306.81
MinimumVisualStudioVersion = 10.0.40219.1
Project("{FAE04EC0-301F-11D3-BF4B-00C04F79EFBC}") = "Replace Repeating Chars", "Replace Repeating Chars\Replace Repeating Chars.csproj", "{F8598B26-3262-41AC-8047-40CC1CBE6211}"
EndProject
Global
	GlobalSection(SolutionConfigurationPlatforms) = preSolution
		Debug|Any CPU = Debug|Any CPU
		Release|Any CPU = Release|Any CPU
	EndGlobalSection
	GlobalSection(ProjectConfigurationPlatforms) = postSolution
		{F8598B26-3262-41AC-8047-40CC1CBE6211}.Debug|Any CPU.ActiveCfg = Debug|Any CPU
		{F8598B26-3262-41AC-8047-40CC1CBE6211}.Debug|Any CPU.Build.0 = Debug|Any CPU
		{F8598B26-3262-41AC-8047-40CC1CBE6211}.Release|Any CPU.ActiveCfg = Release|Any CPU
		{F8598B26-3262-41AC-8047-40CC1CBE6211}.Release|Any CPU.Build.0 = Release|Any CPU
	EndGlobalSection
	GlobalSection(SolutionProperties) = preSolution
		HideSolutionNode = FALSE
	EndGlobalSection
	GlobalSection(ExtensibilityGlobals) = postSolution
		SolutionGuid = {668C0815-F67C-4E6D-B306-4C0649A68704}
	EndGlobalSection
EndGlobal
