
Microsoft Visual Studio Solution File, Format Version 12.00
# Visual Studio Version 16
VisualStudioVersion = 16.0.29306.81
MinimumVisualStudioVersion = 10.0.40219.1
Project("{FAE04EC0-301F-11D3-BF4B-00C04F79EFBC}") = "Rounding Numbers", "Rounding Numbers\Rounding Numbers.csproj", "{E4F2ECB1-BC88-4A97-A662-D181970F22BA}"
EndProject
Global
	GlobalSection(SolutionConfigurationPlatforms) = preSolution
		Debug|Any CPU = Debug|Any CPU
		Release|Any CPU = Release|Any CPU
	EndGlobalSection
	GlobalSection(ProjectConfigurationPlatforms) = postSolution
		{E4F2ECB1-BC88-4A97-A662-D181970F22BA}.Debug|Any CPU.ActiveCfg = Debug|Any CPU
		{E4F2ECB1-BC88-4A97-A662-D181970F22BA}.Debug|Any CPU.Build.0 = Debug|Any CPU
		{E4F2ECB1-BC88-4A97-A662-D181970F22BA}.Release|Any CPU.ActiveCfg = Release|Any CPU
		{E4F2ECB1-BC88-4A97-A662-D181970F22BA}.Release|Any CPU.Build.0 = Release|Any CPU
	EndGlobalSection
	GlobalSection(SolutionProperties) = preSolution
		HideSolutionNode = FALSE
	EndGlobalSection
	GlobalSection(ExtensibilityGlobals) = postSolution
		SolutionGuid = {393C8866-2787-4D65-ACBA-254B0AD40561}
	EndGlobalSection
EndGlobal
