
Microsoft Visual Studio Solution File, Format Version 12.00
# Visual Studio Version 16
VisualStudioVersion = 16.0.29306.81
MinimumVisualStudioVersion = 10.0.40219.1
Project("{FAE04EC0-301F-11D3-BF4B-00C04F79EFBC}") = "Orders", "Orders\Orders.csproj", "{C0EF5633-35BF-4A72-B20A-9659C41352FE}"
EndProject
Global
	GlobalSection(SolutionConfigurationPlatforms) = preSolution
		Debug|Any CPU = Debug|Any CPU
		Release|Any CPU = Release|Any CPU
	EndGlobalSection
	GlobalSection(ProjectConfigurationPlatforms) = postSolution
		{C0EF5633-35BF-4A72-B20A-9659C41352FE}.Debug|Any CPU.ActiveCfg = Debug|Any CPU
		{C0EF5633-35BF-4A72-B20A-9659C41352FE}.Debug|Any CPU.Build.0 = Debug|Any CPU
		{C0EF5633-35BF-4A72-B20A-9659C41352FE}.Release|Any CPU.ActiveCfg = Release|Any CPU
		{C0EF5633-35BF-4A72-B20A-9659C41352FE}.Release|Any CPU.Build.0 = Release|Any CPU
	EndGlobalSection
	GlobalSection(SolutionProperties) = preSolution
		HideSolutionNode = FALSE
	EndGlobalSection
	GlobalSection(ExtensibilityGlobals) = postSolution
		SolutionGuid = {A5AE27EE-A027-48C9-B66A-754621484653}
	EndGlobalSection
EndGlobal
