
Microsoft Visual Studio Solution File, Format Version 12.00
# Visual Studio Version 16
VisualStudioVersion = 16.0.29306.81
MinimumVisualStudioVersion = 10.0.40219.1
Project("{FAE04EC0-301F-11D3-BF4B-00C04F79EFBC}") = "Rage Expenses", "Rage Expenses\Rage Expenses.csproj", "{F489963B-A681-4CA1-BD89-ADC4498F9A9B}"
EndProject
Global
	GlobalSection(SolutionConfigurationPlatforms) = preSolution
		Debug|Any CPU = Debug|Any CPU
		Release|Any CPU = Release|Any CPU
	EndGlobalSection
	GlobalSection(ProjectConfigurationPlatforms) = postSolution
		{F489963B-A681-4CA1-BD89-ADC4498F9A9B}.Debug|Any CPU.ActiveCfg = Debug|Any CPU
		{F489963B-A681-4CA1-BD89-ADC4498F9A9B}.Debug|Any CPU.Build.0 = Debug|Any CPU
		{F489963B-A681-4CA1-BD89-ADC4498F9A9B}.Release|Any CPU.ActiveCfg = Release|Any CPU
		{F489963B-A681-4CA1-BD89-ADC4498F9A9B}.Release|Any CPU.Build.0 = Release|Any CPU
	EndGlobalSection
	GlobalSection(SolutionProperties) = preSolution
		HideSolutionNode = FALSE
	EndGlobalSection
	GlobalSection(ExtensibilityGlobals) = postSolution
		SolutionGuid = {19921D34-2844-48CC-98E7-A87EC8AF5834}
	EndGlobalSection
EndGlobal
