
Microsoft Visual Studio Solution File, Format Version 12.00
# Visual Studio Version 16
VisualStudioVersion = 16.0.29306.81
MinimumVisualStudioVersion = 10.0.40219.1
Project("{FAE04EC0-301F-11D3-BF4B-00C04F79EFBC}") = "Even Number", "Even Number\Even Number.csproj", "{A2FBF66E-BBC8-41D5-A134-8058B1083054}"
EndProject
Global
	GlobalSection(SolutionConfigurationPlatforms) = preSolution
		Debug|Any CPU = Debug|Any CPU
		Release|Any CPU = Release|Any CPU
	EndGlobalSection
	GlobalSection(ProjectConfigurationPlatforms) = postSolution
		{A2FBF66E-BBC8-41D5-A134-8058B1083054}.Debug|Any CPU.ActiveCfg = Debug|Any CPU
		{A2FBF66E-BBC8-41D5-A134-8058B1083054}.Debug|Any CPU.Build.0 = Debug|Any CPU
		{A2FBF66E-BBC8-41D5-A134-8058B1083054}.Release|Any CPU.ActiveCfg = Release|Any CPU
		{A2FBF66E-BBC8-41D5-A134-8058B1083054}.Release|Any CPU.Build.0 = Release|Any CPU
	EndGlobalSection
	GlobalSection(SolutionProperties) = preSolution
		HideSolutionNode = FALSE
	EndGlobalSection
	GlobalSection(ExtensibilityGlobals) = postSolution
		SolutionGuid = {477ADD88-A620-4C73-AEDE-AF3F2003E5A5}
	EndGlobalSection
EndGlobal
