
Microsoft Visual Studio Solution File, Format Version 12.00
# Visual Studio Version 16
VisualStudioVersion = 16.0.29306.81
MinimumVisualStudioVersion = 10.0.40219.1
Project("{FAE04EC0-301F-11D3-BF4B-00C04F79EFBC}") = "Digits, Letters and Other", "Digits, Letters and Other\Digits, Letters and Other.csproj", "{B2E6D45E-127E-4587-8CF0-AF98F869993C}"
EndProject
Global
	GlobalSection(SolutionConfigurationPlatforms) = preSolution
		Debug|Any CPU = Debug|Any CPU
		Release|Any CPU = Release|Any CPU
	EndGlobalSection
	GlobalSection(ProjectConfigurationPlatforms) = postSolution
		{B2E6D45E-127E-4587-8CF0-AF98F869993C}.Debug|Any CPU.ActiveCfg = Debug|Any CPU
		{B2E6D45E-127E-4587-8CF0-AF98F869993C}.Debug|Any CPU.Build.0 = Debug|Any CPU
		{B2E6D45E-127E-4587-8CF0-AF98F869993C}.Release|Any CPU.ActiveCfg = Release|Any CPU
		{B2E6D45E-127E-4587-8CF0-AF98F869993C}.Release|Any CPU.Build.0 = Release|Any CPU
	EndGlobalSection
	GlobalSection(SolutionProperties) = preSolution
		HideSolutionNode = FALSE
	EndGlobalSection
	GlobalSection(ExtensibilityGlobals) = postSolution
		SolutionGuid = {8BE469F1-5D16-4F39-A5CF-31B47530FCA1}
	EndGlobalSection
EndGlobal
