
Microsoft Visual Studio Solution File, Format Version 12.00
# Visual Studio Version 16
VisualStudioVersion = 16.0.29306.81
MinimumVisualStudioVersion = 10.0.40219.1
Project("{FAE04EC0-301F-11D3-BF4B-00C04F79EFBC}") = "Articles 2.0", "Articles 2.0\Articles 2.0.csproj", "{2583347D-B9E8-4AB2-8ADA-9EFCF5DBA375}"
EndProject
Global
	GlobalSection(SolutionConfigurationPlatforms) = preSolution
		Debug|Any CPU = Debug|Any CPU
		Release|Any CPU = Release|Any CPU
	EndGlobalSection
	GlobalSection(ProjectConfigurationPlatforms) = postSolution
		{2583347D-B9E8-4AB2-8ADA-9EFCF5DBA375}.Debug|Any CPU.ActiveCfg = Debug|Any CPU
		{2583347D-B9E8-4AB2-8ADA-9EFCF5DBA375}.Debug|Any CPU.Build.0 = Debug|Any CPU
		{2583347D-B9E8-4AB2-8ADA-9EFCF5DBA375}.Release|Any CPU.ActiveCfg = Release|Any CPU
		{2583347D-B9E8-4AB2-8ADA-9EFCF5DBA375}.Release|Any CPU.Build.0 = Release|Any CPU
	EndGlobalSection
	GlobalSection(SolutionProperties) = preSolution
		HideSolutionNode = FALSE
	EndGlobalSection
	GlobalSection(ExtensibilityGlobals) = postSolution
		SolutionGuid = {A2B628FE-48B1-4F01-A87B-1DC3C7EB219E}
	EndGlobalSection
EndGlobal
