
Microsoft Visual Studio Solution File, Format Version 12.00
# Visual Studio Version 16
VisualStudioVersion = 16.0.29306.81
MinimumVisualStudioVersion = 10.0.40219.1
Project("{FAE04EC0-301F-11D3-BF4B-00C04F79EFBC}") = "Top Number", "Top Number\Top Number.csproj", "{612F635D-A37A-40DD-826D-1427AF3E2F54}"
EndProject
Global
	GlobalSection(SolutionConfigurationPlatforms) = preSolution
		Debug|Any CPU = Debug|Any CPU
		Release|Any CPU = Release|Any CPU
	EndGlobalSection
	GlobalSection(ProjectConfigurationPlatforms) = postSolution
		{612F635D-A37A-40DD-826D-1427AF3E2F54}.Debug|Any CPU.ActiveCfg = Debug|Any CPU
		{612F635D-A37A-40DD-826D-1427AF3E2F54}.Debug|Any CPU.Build.0 = Debug|Any CPU
		{612F635D-A37A-40DD-826D-1427AF3E2F54}.Release|Any CPU.ActiveCfg = Release|Any CPU
		{612F635D-A37A-40DD-826D-1427AF3E2F54}.Release|Any CPU.Build.0 = Release|Any CPU
	EndGlobalSection
	GlobalSection(SolutionProperties) = preSolution
		HideSolutionNode = FALSE
	EndGlobalSection
	GlobalSection(ExtensibilityGlobals) = postSolution
		SolutionGuid = {1FF14607-D8D8-4E16-BCFC-2AD900AD7945}
	EndGlobalSection
EndGlobal
