
Microsoft Visual Studio Solution File, Format Version 12.00
# Visual Studio Version 16
VisualStudioVersion = 16.0.29306.81
MinimumVisualStudioVersion = 10.0.40219.1
Project("{FAE04EC0-301F-11D3-BF4B-00C04F79EFBC}") = "Math Power", "Math Power\Math Power.csproj", "{C610824F-41BA-436C-80D9-9BC200E26A88}"
EndProject
Global
	GlobalSection(SolutionConfigurationPlatforms) = preSolution
		Debug|Any CPU = Debug|Any CPU
		Release|Any CPU = Release|Any CPU
	EndGlobalSection
	GlobalSection(ProjectConfigurationPlatforms) = postSolution
		{C610824F-41BA-436C-80D9-9BC200E26A88}.Debug|Any CPU.ActiveCfg = Debug|Any CPU
		{C610824F-41BA-436C-80D9-9BC200E26A88}.Debug|Any CPU.Build.0 = Debug|Any CPU
		{C610824F-41BA-436C-80D9-9BC200E26A88}.Release|Any CPU.ActiveCfg = Release|Any CPU
		{C610824F-41BA-436C-80D9-9BC200E26A88}.Release|Any CPU.Build.0 = Release|Any CPU
	EndGlobalSection
	GlobalSection(SolutionProperties) = preSolution
		HideSolutionNode = FALSE
	EndGlobalSection
	GlobalSection(ExtensibilityGlobals) = postSolution
		SolutionGuid = {A787C8B0-D5B9-4AEF-87C5-945FFC89B47B}
	EndGlobalSection
EndGlobal
