
Microsoft Visual Studio Solution File, Format Version 12.00
# Visual Studio Version 16
VisualStudioVersion = 16.0.29306.81
MinimumVisualStudioVersion = 10.0.40219.1
Project("{FAE04EC0-301F-11D3-BF4B-00C04F79EFBC}") = "Repeat String", "Repeat String\Repeat String.csproj", "{4CA30FBF-7BCF-44B6-A833-27A2E6893E9B}"
EndProject
Global
	GlobalSection(SolutionConfigurationPlatforms) = preSolution
		Debug|Any CPU = Debug|Any CPU
		Release|Any CPU = Release|Any CPU
	EndGlobalSection
	GlobalSection(ProjectConfigurationPlatforms) = postSolution
		{4CA30FBF-7BCF-44B6-A833-27A2E6893E9B}.Debug|Any CPU.ActiveCfg = Debug|Any CPU
		{4CA30FBF-7BCF-44B6-A833-27A2E6893E9B}.Debug|Any CPU.Build.0 = Debug|Any CPU
		{4CA30FBF-7BCF-44B6-A833-27A2E6893E9B}.Release|Any CPU.ActiveCfg = Release|Any CPU
		{4CA30FBF-7BCF-44B6-A833-27A2E6893E9B}.Release|Any CPU.Build.0 = Release|Any CPU
	EndGlobalSection
	GlobalSection(SolutionProperties) = preSolution
		HideSolutionNode = FALSE
	EndGlobalSection
	GlobalSection(ExtensibilityGlobals) = postSolution
		SolutionGuid = {2005BBA8-E104-4DA7-A524-E15EA0DD9CAB}
	EndGlobalSection
EndGlobal
