
Microsoft Visual Studio Solution File, Format Version 12.00
# Visual Studio Version 16
VisualStudioVersion = 16.0.29306.81
MinimumVisualStudioVersion = 10.0.40219.1
Project("{FAE04EC0-301F-11D3-BF4B-00C04F79EFBC}") = "Change List", "Change List\Change List.csproj", "{DFC4CB4E-A73F-486E-8808-12818F990A98}"
EndProject
Global
	GlobalSection(SolutionConfigurationPlatforms) = preSolution
		Debug|Any CPU = Debug|Any CPU
		Release|Any CPU = Release|Any CPU
	EndGlobalSection
	GlobalSection(ProjectConfigurationPlatforms) = postSolution
		{DFC4CB4E-A73F-486E-8808-12818F990A98}.Debug|Any CPU.ActiveCfg = Debug|Any CPU
		{DFC4CB4E-A73F-486E-8808-12818F990A98}.Debug|Any CPU.Build.0 = Debug|Any CPU
		{DFC4CB4E-A73F-486E-8808-12818F990A98}.Release|Any CPU.ActiveCfg = Release|Any CPU
		{DFC4CB4E-A73F-486E-8808-12818F990A98}.Release|Any CPU.Build.0 = Release|Any CPU
	EndGlobalSection
	GlobalSection(SolutionProperties) = preSolution
		HideSolutionNode = FALSE
	EndGlobalSection
	GlobalSection(ExtensibilityGlobals) = postSolution
		SolutionGuid = {30F52EE6-83A6-4FE2-BFF0-354746A16EC5}
	EndGlobalSection
EndGlobal
