
Microsoft Visual Studio Solution File, Format Version 12.00
# Visual Studio Version 16
VisualStudioVersion = 16.0.29306.81
MinimumVisualStudioVersion = 10.0.40219.1
Project("{FAE04EC0-301F-11D3-BF4B-00C04F79EFBC}") = "Character Multiplier", "Character Multiplier\Character Multiplier.csproj", "{2FD4AFF8-B7A5-4215-B32C-1A7782016B31}"
EndProject
Global
	GlobalSection(SolutionConfigurationPlatforms) = preSolution
		Debug|Any CPU = Debug|Any CPU
		Release|Any CPU = Release|Any CPU
	EndGlobalSection
	GlobalSection(ProjectConfigurationPlatforms) = postSolution
		{2FD4AFF8-B7A5-4215-B32C-1A7782016B31}.Debug|Any CPU.ActiveCfg = Debug|Any CPU
		{2FD4AFF8-B7A5-4215-B32C-1A7782016B31}.Debug|Any CPU.Build.0 = Debug|Any CPU
		{2FD4AFF8-B7A5-4215-B32C-1A7782016B31}.Release|Any CPU.ActiveCfg = Release|Any CPU
		{2FD4AFF8-B7A5-4215-B32C-1A7782016B31}.Release|Any CPU.Build.0 = Release|Any CPU
	EndGlobalSection
	GlobalSection(SolutionProperties) = preSolution
		HideSolutionNode = FALSE
	EndGlobalSection
	GlobalSection(ExtensibilityGlobals) = postSolution
		SolutionGuid = {CB580FCD-32F1-4755-8D89-5B9923D43348}
	EndGlobalSection
EndGlobal
