
Microsoft Visual Studio Solution File, Format Version 12.00
# Visual Studio Version 16
VisualStudioVersion = 16.0.29306.81
MinimumVisualStudioVersion = 10.0.40219.1
Project("{FAE04EC0-301F-11D3-BF4B-00C04F79EFBC}") = "Elevator", "Elevator\Elevator.csproj", "{CCB907FB-40BF-4166-922C-5983E7D770C5}"
EndProject
Global
	GlobalSection(SolutionConfigurationPlatforms) = preSolution
		Debug|Any CPU = Debug|Any CPU
		Release|Any CPU = Release|Any CPU
	EndGlobalSection
	GlobalSection(ProjectConfigurationPlatforms) = postSolution
		{CCB907FB-40BF-4166-922C-5983E7D770C5}.Debug|Any CPU.ActiveCfg = Debug|Any CPU
		{CCB907FB-40BF-4166-922C-5983E7D770C5}.Debug|Any CPU.Build.0 = Debug|Any CPU
		{CCB907FB-40BF-4166-922C-5983E7D770C5}.Release|Any CPU.ActiveCfg = Release|Any CPU
		{CCB907FB-40BF-4166-922C-5983E7D770C5}.Release|Any CPU.Build.0 = Release|Any CPU
	EndGlobalSection
	GlobalSection(SolutionProperties) = preSolution
		HideSolutionNode = FALSE
	EndGlobalSection
	GlobalSection(ExtensibilityGlobals) = postSolution
		SolutionGuid = {5427FB9C-8BD2-468D-90F6-931AC1B7BA84}
	EndGlobalSection
EndGlobal
