
Microsoft Visual Studio Solution File, Format Version 12.00
# Visual Studio Version 16
VisualStudioVersion = 16.0.29306.81
MinimumVisualStudioVersion = 10.0.40219.1
Project("{FAE04EC0-301F-11D3-BF4B-00C04F79EFBC}") = "Vehicle Catalogue", "Vehicle Catalogue\Vehicle Catalogue.csproj", "{1E28E4A2-8D4D-4592-A2A8-3DE13C8F0AAE}"
EndProject
Global
	GlobalSection(SolutionConfigurationPlatforms) = preSolution
		Debug|Any CPU = Debug|Any CPU
		Release|Any CPU = Release|Any CPU
	EndGlobalSection
	GlobalSection(ProjectConfigurationPlatforms) = postSolution
		{1E28E4A2-8D4D-4592-A2A8-3DE13C8F0AAE}.Debug|Any CPU.ActiveCfg = Debug|Any CPU
		{1E28E4A2-8D4D-4592-A2A8-3DE13C8F0AAE}.Debug|Any CPU.Build.0 = Debug|Any CPU
		{1E28E4A2-8D4D-4592-A2A8-3DE13C8F0AAE}.Release|Any CPU.ActiveCfg = Release|Any CPU
		{1E28E4A2-8D4D-4592-A2A8-3DE13C8F0AAE}.Release|Any CPU.Build.0 = Release|Any CPU
	EndGlobalSection
	GlobalSection(SolutionProperties) = preSolution
		HideSolutionNode = FALSE
	EndGlobalSection
	GlobalSection(ExtensibilityGlobals) = postSolution
		SolutionGuid = {0BB69806-9188-4412-B80B-35C10439A831}
	EndGlobalSection
EndGlobal
