
Microsoft Visual Studio Solution File, Format Version 12.00
# Visual Studio Version 16
VisualStudioVersion = 16.0.29306.81
MinimumVisualStudioVersion = 10.0.40219.1
Project("{FAE04EC0-301F-11D3-BF4B-00C04F79EFBC}") = "Caesar Cipher", "Caesar Cipher\Caesar Cipher.csproj", "{402EE145-CE75-498A-9BD5-62FF3DAF4DC9}"
EndProject
Global
	GlobalSection(SolutionConfigurationPlatforms) = preSolution
		Debug|Any CPU = Debug|Any CPU
		Release|Any CPU = Release|Any CPU
	EndGlobalSection
	GlobalSection(ProjectConfigurationPlatforms) = postSolution
		{402EE145-CE75-498A-9BD5-62FF3DAF4DC9}.Debug|Any CPU.ActiveCfg = Debug|Any CPU
		{402EE145-CE75-498A-9BD5-62FF3DAF4DC9}.Debug|Any CPU.Build.0 = Debug|Any CPU
		{402EE145-CE75-498A-9BD5-62FF3DAF4DC9}.Release|Any CPU.ActiveCfg = Release|Any CPU
		{402EE145-CE75-498A-9BD5-62FF3DAF4DC9}.Release|Any CPU.Build.0 = Release|Any CPU
	EndGlobalSection
	GlobalSection(SolutionProperties) = preSolution
		HideSolutionNode = FALSE
	EndGlobalSection
	GlobalSection(ExtensibilityGlobals) = postSolution
		SolutionGuid = {4C644AEB-82D8-45AB-8527-B9FC37E2E7A0}
	EndGlobalSection
EndGlobal
