
Microsoft Visual Studio Solution File, Format Version 12.00
# Visual Studio Version 16
VisualStudioVersion = 16.0.29306.81
MinimumVisualStudioVersion = 10.0.40219.1
Project("{FAE04EC0-301F-11D3-BF4B-00C04F79EFBC}") = "Data Types", "Data Types\Data Types.csproj", "{16B83B60-DC97-4F11-81EE-297A363B209D}"
EndProject
Global
	GlobalSection(SolutionConfigurationPlatforms) = preSolution
		Debug|Any CPU = Debug|Any CPU
		Release|Any CPU = Release|Any CPU
	EndGlobalSection
	GlobalSection(ProjectConfigurationPlatforms) = postSolution
		{16B83B60-DC97-4F11-81EE-297A363B209D}.Debug|Any CPU.ActiveCfg = Debug|Any CPU
		{16B83B60-DC97-4F11-81EE-297A363B209D}.Debug|Any CPU.Build.0 = Debug|Any CPU
		{16B83B60-DC97-4F11-81EE-297A363B209D}.Release|Any CPU.ActiveCfg = Release|Any CPU
		{16B83B60-DC97-4F11-81EE-297A363B209D}.Release|Any CPU.Build.0 = Release|Any CPU
	EndGlobalSection
	GlobalSection(SolutionProperties) = preSolution
		HideSolutionNode = FALSE
	EndGlobalSection
	GlobalSection(ExtensibilityGlobals) = postSolution
		SolutionGuid = {5AA1D816-9284-4266-A3F3-EBF7EE1220CC}
	EndGlobalSection
EndGlobal
