
Microsoft Visual Studio Solution File, Format Version 12.00
# Visual Studio Version 16
VisualStudioVersion = 16.0.29306.81
MinimumVisualStudioVersion = 10.0.40219.1
Project("{FAE04EC0-301F-11D3-BF4B-00C04F79EFBC}") = "Characters in Range", "Characters in Range\Characters in Range.csproj", "{745367AA-6E2A-4FB7-8F02-62BE84ACD7FF}"
EndProject
Global
	GlobalSection(SolutionConfigurationPlatforms) = preSolution
		Debug|Any CPU = Debug|Any CPU
		Release|Any CPU = Release|Any CPU
	EndGlobalSection
	GlobalSection(ProjectConfigurationPlatforms) = postSolution
		{745367AA-6E2A-4FB7-8F02-62BE84ACD7FF}.Debug|Any CPU.ActiveCfg = Debug|Any CPU
		{745367AA-6E2A-4FB7-8F02-62BE84ACD7FF}.Debug|Any CPU.Build.0 = Debug|Any CPU
		{745367AA-6E2A-4FB7-8F02-62BE84ACD7FF}.Release|Any CPU.ActiveCfg = Release|Any CPU
		{745367AA-6E2A-4FB7-8F02-62BE84ACD7FF}.Release|Any CPU.Build.0 = Release|Any CPU
	EndGlobalSection
	GlobalSection(SolutionProperties) = preSolution
		HideSolutionNode = FALSE
	EndGlobalSection
	GlobalSection(ExtensibilityGlobals) = postSolution
		SolutionGuid = {13481626-4F6D-482B-866C-136FA065594D}
	EndGlobalSection
EndGlobal
