
Microsoft Visual Studio Solution File, Format Version 12.00
# Visual Studio Version 16
VisualStudioVersion = 16.0.29306.81
MinimumVisualStudioVersion = 10.0.40219.1
Project("{FAE04EC0-301F-11D3-BF4B-00C04F79EFBC}") = "Merging Lists2", "Merging Lists2\Merging Lists2.csproj", "{B49EB2C1-B486-4C59-9716-0A9AD9D1F9D5}"
EndProject
Global
	GlobalSection(SolutionConfigurationPlatforms) = preSolution
		Debug|Any CPU = Debug|Any CPU
		Release|Any CPU = Release|Any CPU
	EndGlobalSection
	GlobalSection(ProjectConfigurationPlatforms) = postSolution
		{B49EB2C1-B486-4C59-9716-0A9AD9D1F9D5}.Debug|Any CPU.ActiveCfg = Debug|Any CPU
		{B49EB2C1-B486-4C59-9716-0A9AD9D1F9D5}.Debug|Any CPU.Build.0 = Debug|Any CPU
		{B49EB2C1-B486-4C59-9716-0A9AD9D1F9D5}.Release|Any CPU.ActiveCfg = Release|Any CPU
		{B49EB2C1-B486-4C59-9716-0A9AD9D1F9D5}.Release|Any CPU.Build.0 = Release|Any CPU
	EndGlobalSection
	GlobalSection(SolutionProperties) = preSolution
		HideSolutionNode = FALSE
	EndGlobalSection
	GlobalSection(ExtensibilityGlobals) = postSolution
		SolutionGuid = {0ED4DBC9-6B06-4FB0-8A12-848C9F9BC188}
	EndGlobalSection
EndGlobal
