
Microsoft Visual Studio Solution File, Format Version 12.00
# Visual Studio Version 16
VisualStudioVersion = 16.0.29306.81
MinimumVisualStudioVersion = 10.0.40219.1
Project("{FAE04EC0-301F-11D3-BF4B-00C04F79EFBC}") = "Company Users", "Company Users\Company Users.csproj", "{D4561C04-7C72-4B6F-84F4-CB048B5FFCA6}"
EndProject
Global
	GlobalSection(SolutionConfigurationPlatforms) = preSolution
		Debug|Any CPU = Debug|Any CPU
		Release|Any CPU = Release|Any CPU
	EndGlobalSection
	GlobalSection(ProjectConfigurationPlatforms) = postSolution
		{D4561C04-7C72-4B6F-84F4-CB048B5FFCA6}.Debug|Any CPU.ActiveCfg = Debug|Any CPU
		{D4561C04-7C72-4B6F-84F4-CB048B5FFCA6}.Debug|Any CPU.Build.0 = Debug|Any CPU
		{D4561C04-7C72-4B6F-84F4-CB048B5FFCA6}.Release|Any CPU.ActiveCfg = Release|Any CPU
		{D4561C04-7C72-4B6F-84F4-CB048B5FFCA6}.Release|Any CPU.Build.0 = Release|Any CPU
	EndGlobalSection
	GlobalSection(SolutionProperties) = preSolution
		HideSolutionNode = FALSE
	EndGlobalSection
	GlobalSection(ExtensibilityGlobals) = postSolution
		SolutionGuid = {129FB50C-ABC5-46EE-A7D8-B7ECDDE5469A}
	EndGlobalSection
EndGlobal
