
Microsoft Visual Studio Solution File, Format Version 12.00
# Visual Studio Version 16
VisualStudioVersion = 16.0.29306.81
MinimumVisualStudioVersion = 10.0.40219.1
Project("{FAE04EC0-301F-11D3-BF4B-00C04F79EFBC}") = "Sign of Integer Numbers", "Sign of Integer Numbers\Sign of Integer Numbers.csproj", "{F5D0EAB2-3099-4700-8597-CBC180A616D5}"
EndProject
Global
	GlobalSection(SolutionConfigurationPlatforms) = preSolution
		Debug|Any CPU = Debug|Any CPU
		Release|Any CPU = Release|Any CPU
	EndGlobalSection
	GlobalSection(ProjectConfigurationPlatforms) = postSolution
		{F5D0EAB2-3099-4700-8597-CBC180A616D5}.Debug|Any CPU.ActiveCfg = Debug|Any CPU
		{F5D0EAB2-3099-4700-8597-CBC180A616D5}.Debug|Any CPU.Build.0 = Debug|Any CPU
		{F5D0EAB2-3099-4700-8597-CBC180A616D5}.Release|Any CPU.ActiveCfg = Release|Any CPU
		{F5D0EAB2-3099-4700-8597-CBC180A616D5}.Release|Any CPU.Build.0 = Release|Any CPU
	EndGlobalSection
	GlobalSection(SolutionProperties) = preSolution
		HideSolutionNode = FALSE
	EndGlobalSection
	GlobalSection(ExtensibilityGlobals) = postSolution
		SolutionGuid = {09D644E6-2901-442E-967B-BAC1943ECC9F}
	EndGlobalSection
EndGlobal
