
Microsoft Visual Studio Solution File, Format Version 12.00
# Visual Studio Version 16
VisualStudioVersion = 16.0.29306.81
MinimumVisualStudioVersion = 10.0.40219.1
Project("{FAE04EC0-301F-11D3-BF4B-00C04F79EFBC}") = "Extract File", "Extract File\Extract File.csproj", "{B09149A7-108D-4DA0-99BF-8AC14ED32704}"
EndProject
Global
	GlobalSection(SolutionConfigurationPlatforms) = preSolution
		Debug|Any CPU = Debug|Any CPU
		Release|Any CPU = Release|Any CPU
	EndGlobalSection
	GlobalSection(ProjectConfigurationPlatforms) = postSolution
		{B09149A7-108D-4DA0-99BF-8AC14ED32704}.Debug|Any CPU.ActiveCfg = Debug|Any CPU
		{B09149A7-108D-4DA0-99BF-8AC14ED32704}.Debug|Any CPU.Build.0 = Debug|Any CPU
		{B09149A7-108D-4DA0-99BF-8AC14ED32704}.Release|Any CPU.ActiveCfg = Release|Any CPU
		{B09149A7-108D-4DA0-99BF-8AC14ED32704}.Release|Any CPU.Build.0 = Release|Any CPU
	EndGlobalSection
	GlobalSection(SolutionProperties) = preSolution
		HideSolutionNode = FALSE
	EndGlobalSection
	GlobalSection(ExtensibilityGlobals) = postSolution
		SolutionGuid = {5EF97E2E-279E-409E-9BD1-E07260B5C526}
	EndGlobalSection
EndGlobal
